{
  "requires": true,
  "lockfileVersion": 1,
  "dependencies": {
    "typeface-roboto": {
      "version": "0.0.75",
      "resolved": "https://registry.npmjs.org/typeface-roboto/-/typeface-roboto-0.0.75.tgz",
      "integrity": "sha512-VrR/IiH00Z1tFP4vDGfwZ1esNqTiDMchBEXYY9kilT6wRGgFoCAlgkEUMHb1E3mB0FsfZhv756IF0+R+SFPfdg=="
    }
  }
}
